// !$*UTF8*$!
{
	archiveVersion = 1;
	classes = {
	};
	objectVersion = 55;
	objects = {

/* Begin PBXBuildFile section */
		335568D528FC82F200BA79AA /* AppDelegate.swift in Sources */ = {isa = PBXBuildFile; fileRef = 335568D428FC82F200BA79AA /* AppDelegate.swift */; };
		335568D728FC82F200BA79AA /* SceneDelegate.swift in Sources */ = {isa = PBXBuildFile; fileRef = 335568D628FC82F200BA79AA /* SceneDelegate.swift */; };
		335568D928FC82F200BA79AA /* ViewController.swift in Sources */ = {isa = PBXBuildFile; fileRef = 335568D828FC82F200BA79AA /* ViewController.swift */; };
		335568DC28FC82F200BA79AA /* Main.storyboard in Resources */ = {isa = PBXBuildFile; fileRef = 335568DA28FC82F200BA79AA /* Main.storyboard */; };
		335568DE28FC82F300BA79AA /* Assets.xcassets in Resources */ = {isa = PBXBuildFile; fileRef = 335568DD28FC82F300BA79AA /* Assets.xcassets */; };
		335568E128FC82F300BA79AA /* LaunchScreen.storyboard in Resources */ = {isa = PBXBuildFile; fileRef = 335568DF28FC82F300BA79AA /* LaunchScreen.storyboard */; };
		335568E928FC843200BA79AA /* LoginViewController.swift in Sources */ = {isa = PBXBuildFile; fileRef = 335568E828FC843200BA79AA /* LoginViewController.swift */; };
		335568EB28FC844600BA79AA /* MainViewController.swift in Sources */ = {isa = PBXBuildFile; fileRef = 335568EA28FC844600BA79AA /* MainViewController.swift */; };
		335BA304291C8156003B5B0A /* iOSDevCenters+GIF.swift in Sources */ = {isa = PBXBuildFile; fileRef = 335BA303291C8156003B5B0A /* iOSDevCenters+GIF.swift */; };
		335BA306291C83D2003B5B0A /* ExerciseViewController.swift in Sources */ = {isa = PBXBuildFile; fileRef = 335BA305291C83D2003B5B0A /* ExerciseViewController.swift */; };
		5E9574B6DCD1F2B37CE70A42 /* Pods_Fitness.framework in Frameworks */ = {isa = PBXBuildFile; fileRef = CB8A05B4E97055F3FE0F21FA /* Pods_Fitness.framework */; };
/* End PBXBuildFile section */

/* Begin PBXFileReference section */
		335568D128FC82F200BA79AA /* Fitness.app */ = {isa = PBXFileReference; explicitFileType = wrapper.application; includeInIndex = 0; path = Fitness.app; sourceTree = BUILT_PRODUCTS_DIR; };
		335568D428FC82F200BA79AA /* AppDelegate.swift */ = {isa = PBXFileReference; lastKnownFileType = sourcecode.swift; path = AppDelegate.swift; sourceTree = "<group>"; };
		335568D628FC82F200BA79AA /* SceneDelegate.swift */ = {isa = PBXFileReference; lastKnownFileType = sourcecode.swift; path = SceneDelegate.swift; sourceTree = "<group>"; };
		335568D828FC82F200BA79AA /* ViewController.swift */ = {isa = PBXFileReference; lastKnownFileType = sourcecode.swift; path = ViewController.swift; sourceTree = "<group>"; };
		335568DB28FC82F200BA79AA /* Base */ = {isa = PBXFileReference; lastKnownFileType = file.storyboard; name = Base; path = Base.lproj/Main.storyboard; sourceTree = "<group>"; };
		335568DD28FC82F300BA79AA /* Assets.xcassets */ = {isa = PBXFileReference; lastKnownFileType = folder.assetcatalog; path = Assets.xcassets; sourceTree = "<group>"; };
		335568E028FC82F300BA79AA /* Base */ = {isa = PBXFileReference; lastKnownFileType = file.storyboard; name = Base; path = Base.lproj/LaunchScreen.storyboard; sourceTree = "<group>"; };
		335568E228FC82F300BA79AA /* Info.plist */ = {isa = PBXFileReference; lastKnownFileType = text.plist.xml; path = Info.plist; sourceTree = "<group>"; };
		335568E828FC843200BA79AA /* LoginViewController.swift */ = {isa = PBXFileReference; lastKnownFileType = sourcecode.swift; path = LoginViewController.swift; sourceTree = "<group>"; };
		335568EA28FC844600BA79AA /* MainViewController.swift */ = {isa = PBXFileReference; lastKnownFileType = sourcecode.swift; path = MainViewController.swift; sourceTree = "<group>"; };
		335BA303291C8156003B5B0A /* iOSDevCenters+GIF.swift */ = {isa = PBXFileReference; lastKnownFileType = sourcecode.swift; path = "iOSDevCenters+GIF.swift"; sourceTree = "<group>"; };
		335BA305291C83D2003B5B0A /* ExerciseViewController.swift */ = {isa = PBXFileReference; lastKnownFileType = sourcecode.swift; path = ExerciseViewController.swift; sourceTree = "<group>"; };
		78D11828B7EEFDA66E5E8A22 /* Pods-Instagram.release.xcconfig */ = {isa = PBXFileReference; includeInIndex = 1; lastKnownFileType = text.xcconfig; name = "Pods-Instagram.release.xcconfig"; path = "Target Support Files/Pods-Instagram/Pods-Instagram.release.xcconfig"; sourceTree = "<group>"; };
		9EB1B2C7BF1A0BF6C8CEDC1E /* Pods-Fitness.debug.xcconfig */ = {isa = PBXFileReference; includeInIndex = 1; lastKnownFileType = text.xcconfig; name = "Pods-Fitness.debug.xcconfig"; path = "Target Support Files/Pods-Fitness/Pods-Fitness.debug.xcconfig"; sourceTree = "<group>"; };
		CB8A05B4E97055F3FE0F21FA /* Pods_Fitness.framework */ = {isa = PBXFileReference; explicitFileType = wrapper.framework; includeInIndex = 0; path = Pods_Fitness.framework; sourceTree = BUILT_PRODUCTS_DIR; };
		CD18ADB7BC0A54BC0FB89070 /* Pods-Fitness.release.xcconfig */ = {isa = PBXFileReference; includeInIndex = 1; lastKnownFileType = text.xcconfig; name = "Pods-Fitness.release.xcconfig"; path = "Target Support Files/Pods-Fitness/Pods-Fitness.release.xcconfig"; sourceTree = "<group>"; };
		E3E03B38D6E23DD068BC9050 /* Pods-Instagram.debug.xcconfig */ = {isa = PBXFileReference; includeInIndex = 1; lastKnownFileType = text.xcconfig; name = "Pods-Instagram.debug.xcconfig"; path = "Target Support Files/Pods-Instagram/Pods-Instagram.debug.xcconfig"; sourceTree = "<group>"; };
/* End PBXFileReference section */

/* Begin PBXFrameworksBuildPhase section */
		335568CE28FC82F200BA79AA /* Frameworks */ = {
			isa = PBXFrameworksBuildPhase;
			buildActionMask = 2147483647;
			files = (
				5E9574B6DCD1F2B37CE70A42 /* Pods_Fitness.framework in Frameworks */,
			);
			runOnlyForDeploymentPostprocessing = 0;
		};
/* End PBXFrameworksBuildPhase section */

/* Begin PBXGroup section */
		335568C828FC82F200BA79AA = {
			isa = PBXGroup;
			children = (
				335568D328FC82F200BA79AA /* Fitness */,
				335568D228FC82F200BA79AA /* Products */,
				DCD3C82DBB154A5DE6859406 /* Pods */,
				50F6A4E489AAEAAB1B54E3DB /* Frameworks */,
			);
			sourceTree = "<group>";
		};
		335568D228FC82F200BA79AA /* Products */ = {
			isa = PBXGroup;
			children = (
				335568D128FC82F200BA79AA /* Fitness.app */,
			);
			name = Products;
			sourceTree = "<group>";
		};
		335568D328FC82F200BA79AA /* Fitness */ = {
			isa = PBXGroup;
			children = (
				335568D428FC82F200BA79AA /* AppDelegate.swift */,
				335568D628FC82F200BA79AA /* SceneDelegate.swift */,
				335568D828FC82F200BA79AA /* ViewController.swift */,
				335568DA28FC82F200BA79AA /* Main.storyboard */,
				335568DD28FC82F300BA79AA /* Assets.xcassets */,
				335568DF28FC82F300BA79AA /* LaunchScreen.storyboard */,
				335568E228FC82F300BA79AA /* Info.plist */,
				335568E828FC843200BA79AA /* LoginViewController.swift */,
				335568EA28FC844600BA79AA /* MainViewController.swift */,
				335BA303291C8156003B5B0A /* iOSDevCenters+GIF.swift */,
				335BA305291C83D2003B5B0A /* ExerciseViewController.swift */,
			);
			path = Fitness;
			sourceTree = "<group>";
		};
		50F6A4E489AAEAAB1B54E3DB /* Frameworks */ = {
			isa = PBXGroup;
			children = (
				CB8A05B4E97055F3FE0F21FA /* Pods_Fitness.framework */,
			);
			name = Frameworks;
			sourceTree = "<group>";
		};
		DCD3C82DBB154A5DE6859406 /* Pods */ = {
			isa = PBXGroup;
			children = (
				E3E03B38D6E23DD068BC9050 /* Pods-Instagram.debug.xcconfig */,
				78D11828B7EEFDA66E5E8A22 /* Pods-Instagram.release.xcconfig */,
				9EB1B2C7BF1A0BF6C8CEDC1E /* Pods-Fitness.debug.xcconfig */,
				CD18ADB7BC0A54BC0FB89070 /* Pods-Fitness.release.xcconfig */,
			);
			path = Pods;
			sourceTree = "<group>";
		};
/* End PBXGroup section */

/* Begin PBXNativeTarget section */
		335568D028FC82F200BA79AA /* Fitness */ = {
			isa = PBXNativeTarget;
			buildConfigurationList = 335568E528FC82F300BA79AA /* Build configuration list for PBXNativeTarget "Fitness" */;
			buildPhases = (
				8C215488948A435E92DDC02A /* [CP] Check Pods Manifest.lock */,
				335568CD28FC82F200BA79AA /* Sources */,
				335568CE28FC82F200BA79AA /* Frameworks */,
				335568CF28FC82F200BA79AA /* Resources */,
				A2FF518C55941291604E3335 /* [CP] Embed Pods Frameworks */,
			);
			buildRules = (
			);
			dependencies = (
			);
			name = Fitness;
			productName = Instagram;
			productReference = 335568D128FC82F200BA79AA /* Fitness.app */;
			productType = "com.apple.product-type.application";
		};
/* End PBXNativeTarget section */

/* Begin PBXProject section */
		335568C928FC82F200BA79AA /* Project object */ = {
			isa = PBXProject;
			attributes = {
				BuildIndependentTargetsInParallel = 1;
				LastSwiftUpdateCheck = 1340;
				LastUpgradeCheck = 1340;
				TargetAttributes = {
					335568D028FC82F200BA79AA = {
						CreatedOnToolsVersion = 13.4.1;
					};
				};
			};
			buildConfigurationList = 335568CC28FC82F200BA79AA /* Build configuration list for PBXProject "Fitness" */;
			compatibilityVersion = "Xcode 13.0";
			developmentRegion = en;
			hasScannedForEncodings = 0;
			knownRegions = (
				en,
				Base,
			);
			mainGroup = 335568C828FC82F200BA79AA;
			productRefGroup = 335568D228FC82F200BA79AA /* Products */;
			projectDirPath = "";
			projectRoot = "";
			targets = (
				335568D028FC82F200BA79AA /* Fitness */,
			);
		};
/* End PBXProject section */

/* Begin PBXResourcesBuildPhase section */
		335568CF28FC82F200BA79AA /* Resources */ = {
			isa = PBXResourcesBuildPhase;
			buildActionMask = 2147483647;
			files = (
				335568E128FC82F300BA79AA /* LaunchScreen.storyboard in Resources */,
				335568DE28FC82F300BA79AA /* Assets.xcassets in Resources */,
				335568DC28FC82F200BA79AA /* Main.storyboard in Resources */,
			);
			runOnlyForDeploymentPostprocessing = 0;
		};
/* End PBXResourcesBuildPhase section */

/* Begin PBXShellScriptBuildPhase section */
		8C215488948A435E92DDC02A /* [CP] Check Pods Manifest.lock */ = {
			isa = PBXShellScriptBuildPhase;
			buildActionMask = 2147483647;
			files = (
			);
			inputFileListPaths = (
			);
			inputPaths = (
				"${PODS_PODFILE_DIR_PATH}/Podfile.lock",
				"${PODS_ROOT}/Manifest.lock",
			);
			name = "[CP] Check Pods Manifest.lock";
			outputFileListPaths = (
			);
			outputPaths = (
				"$(DERIVED_FILE_DIR)/Pods-Fitness-checkManifestLockResult.txt",
			);
			runOnlyForDeploymentPostprocessing = 0;
			shellPath = /bin/sh;
			shellScript = "diff \"${PODS_PODFILE_DIR_PATH}/Podfile.lock\" \"${PODS_ROOT}/Manifest.lock\" > /dev/null\nif [ $? != 0 ] ; then\n    # print error to STDERR\n    echo \"error: The sandbox is not in sync with the Podfile.lock. Run 'pod install' or update your CocoaPods installation.\" >&2\n    exit 1\nfi\n# This output is used by Xcode 'outputs' to avoid re-running this script phase.\necho \"SUCCESS\" > \"${SCRIPT_OUTPUT_FILE_0}\"\n";
			showEnvVarsInLog = 0;
		};
		A2FF518C55941291604E3335 /* [CP] Embed Pods Frameworks */ = {
			isa = PBXShellScriptBuildPhase;
			buildActionMask = 2147483647;
			files = (
			);
			inputFileListPaths = (
				"${PODS_ROOT}/Target Support Files/Pods-Fitness/Pods-Fitness-frameworks-${CONFIGURATION}-input-files.xcfilelist",
			);
			name = "[CP] Embed Pods Frameworks";
			outputFileListPaths = (
				"${PODS_ROOT}/Target Support Files/Pods-Fitness/Pods-Fitness-frameworks-${CONFIGURATION}-output-files.xcfilelist",
			);
			runOnlyForDeploymentPostprocessing = 0;
			shellPath = /bin/sh;
			shellScript = "\"${PODS_ROOT}/Target Support Files/Pods-Fitness/Pods-Fitness-frameworks.sh\"\n";
			showEnvVarsInLog = 0;
		};
/* End PBXShellScriptBuildPhase section */

/* Begin PBXSourcesBuildPhase section */
		335568CD28FC82F200BA79AA /* Sources */ = {
			isa = PBXSourcesBuildPhase;
			buildActionMask = 2147483647;
			files = (
				335568E928FC843200BA79AA /* LoginViewController.swift in Sources */,
				335BA306291C83D2003B5B0A /* ExerciseViewController.swift in Sources */,
				335BA304291C8156003B5B0A /* iOSDevCenters+GIF.swift in Sources */,
				335568D928FC82F200BA79AA /* ViewController.swift in Sources */,
				335568EB28FC844600BA79AA /* MainViewController.swift in Sources */,
				335568D528FC82F200BA79AA /* AppDelegate.swift in Sources */,
				335568D728FC82F200BA79AA /* SceneDelegate.swift in Sources */,
			);
			runOnlyForDeploymentPostprocessing = 0;
		};
/* End PBXSourcesBuildPhase section */

/* Begin PBXVariantGroup section */
		335568DA28FC82F200BA79AA /* Main.storyboard */ = {
			isa = PBXVariantGroup;
			children = (
				335568DB28FC82F200BA79AA /* Base */,
			);
			name = Main.storyboard;
			sourceTree = "<group>";
		};
		335568DF28FC82F300BA79AA /* LaunchScreen.storyboard */ = {
			isa = PBXVariantGroup;
			children = (
				335568E028FC82F300BA79AA /* Base */,
			);
			name = LaunchScreen.storyboard;
			sourceTree = "<group>";
		};
/* End PBXVariantGroup section */

/* Begin XCBuildConfiguration section */
		335568E328FC82F300BA79AA /* Debug */ = {
			isa = XCBuildConfiguration;
			buildSettings = {
				ALWAYS_SEARCH_USER_PATHS = NO;
				CLANG_ANALYZER_NONNULL = YES;
				CLANG_ANALYZER_NUMBER_OBJECT_CONVERSION = YES_AGGRESSIVE;
				CLANG_CXX_LANGUAGE_STANDARD = "gnu++17";
				CLANG_ENABLE_MODULES = YES;
				CLANG_ENABLE_OBJC_ARC = YES;
				CLANG_ENABLE_OBJC_WEAK = YES;
				CLANG_WARN_BLOCK_CAPTURE_AUTORELEASING = YES;
				CLANG_WARN_BOOL_CONVERSION = YES;
				CLANG_WARN_COMMA = YES;
				CLANG_WARN_CONSTANT_CONVERSION = YES;
				CLANG_WARN_DEPRECATED_OBJC_IMPLEMENTATIONS = YES;
				CLANG_WARN_DIRECT_OBJC_ISA_USAGE = YES_ERROR;
				CLANG_WARN_DOCUMENTATION_COMMENTS = YES;
				CLANG_WARN_EMPTY_BODY = YES;
				CLANG_WARN_ENUM_CONVERSION = YES;
				CLANG_WARN_INFINITE_RECURSION = YES;
				CLANG_WARN_INT_CONVERSION = YES;
				CLANG_WARN_NON_LITERAL_NULL_CONVERSION = YES;
				CLANG_WARN_OBJC_IMPLICIT_RETAIN_SELF = YES;
				CLANG_WARN_OBJC_LITERAL_CONVERSION = YES;
				CLANG_WARN_OBJC_ROOT_CLASS = YES_ERROR;
				CLANG_WARN_QUOTED_INCLUDE_IN_FRAMEWORK_HEADER = YES;
				CLANG_WARN_RANGE_LOOP_ANALYSIS = YES;
				CLANG_WARN_STRICT_PROTOTYPES = YES;
				CLANG_WARN_SUSPICIOUS_MOVE = YES;
				CLANG_WARN_UNGUARDED_AVAILABILITY = YES_AGGRESSIVE;
				CLANG_WARN_UNREACHABLE_CODE = YES;
				CLANG_WARN__DUPLICATE_METHOD_MATCH = YES;
				COPY_PHASE_STRIP = NO;
				DEBUG_INFORMATION_FORMAT = dwarf;
				ENABLE_STRICT_OBJC_MSGSEND = YES;
				ENABLE_TESTABILITY = YES;
				GCC_C_LANGUAGE_STANDARD = gnu11;
				GCC_DYNAMIC_NO_PIC = NO;
				GCC_NO_COMMON_BLOCKS = YES;
				GCC_OPTIMIZATION_LEVEL = 0;
				GCC_PREPROCESSOR_DEFINITIONS = (
					"DEBUG=1",
					"$(inherited)",
				);
				GCC_WARN_64_TO_32_BIT_CONVERSION = YES;
				GCC_WARN_ABOUT_RETURN_TYPE = YES_ERROR;
				GCC_WARN_UNDECLARED_SELECTOR = YES;
				GCC_WARN_UNINITIALIZED_AUTOS = YES_AGGRESSIVE;
				GCC_WARN_UNUSED_FUNCTION = YES;
				GCC_WARN_UNUSED_VARIABLE = YES;
				IPHONEOS_DEPLOYMENT_TARGET = 15.5;
				MTL_ENABLE_DEBUG_INFO = INCLUDE_SOURCE;
				MTL_FAST_MATH = YES;
				ONLY_ACTIVE_ARCH = YES;
				SDKROOT = iphoneos;
				SWIFT_ACTIVE_COMPILATION_CONDITIONS = DEBUG;
				SWIFT_OPTIMIZATION_LEVEL = "-Onone";
			};
			name = Debug;
		};
		335568E428FC82F300BA79AA /* Release */ = {
			isa = XCBuildConfiguration;
			buildSettings = {
				ALWAYS_SEARCH_USER_PATHS = NO;
				CLANG_ANALYZER_NONNULL = YES;
				CLANG_ANALYZER_NUMBER_OBJECT_CONVERSION = YES_AGGRESSIVE;
				CLANG_CXX_LANGUAGE_STANDARD = "gnu++17";
				CLANG_ENABLE_MODULES = YES;
				CLANG_ENABLE_OBJC_ARC = YES;
				CLANG_ENABLE_OBJC_WEAK = YES;
				CLANG_WARN_BLOCK_CAPTURE_AUTORELEASING = YES;
				CLANG_WARN_BOOL_CONVERSION = YES;
				CLANG_WARN_COMMA = YES;
				CLANG_WARN_CONSTANT_CONVERSION = YES;
				CLANG_WARN_DEPRECATED_OBJC_IMPLEMENTATIONS = YES;
				CLANG_WARN_DIRECT_OBJC_ISA_USAGE = YES_ERROR;
				CLANG_WARN_DOCUMENTATION_COMMENTS = YES;
				CLANG_WARN_EMPTY_BODY = YES;
				CLANG_WARN_ENUM_CONVERSION = YES;
				CLANG_WARN_INFINITE_RECURSION = YES;
				CLANG_WARN_INT_CONVERSION = YES;
				CLANG_WARN_NON_LITERAL_NULL_CONVERSION = YES;
				CLANG_WARN_OBJC_IMPLICIT_RETAIN_SELF = YES;
				CLANG_WARN_OBJC_LITERAL_CONVERSION = YES;
				CLANG_WARN_OBJC_ROOT_CLASS = YES_ERROR;
				CLANG_WARN_QUOTED_INCLUDE_IN_FRAMEWORK_HEADER = YES;
				CLANG_WARN_RANGE_LOOP_ANALYSIS = YES;
				CLANG_WARN_STRICT_PROTOTYPES = YES;
				CLANG_WARN_SUSPICIOUS_MOVE = YES;
				CLANG_WARN_UNGUARDED_AVAILABILITY = YES_AGGRESSIVE;
				CLANG_WARN_UNREACHABLE_CODE = YES;
				CLANG_WARN__DUPLICATE_METHOD_MATCH = YES;
				COPY_PHASE_STRIP = NO;
				DEBUG_INFORMATION_FORMAT = "dwarf-with-dsym";
				ENABLE_NS_ASSERTIONS = NO;
				ENABLE_STRICT_OBJC_MSGSEND = YES;
				GCC_C_LANGUAGE_STANDARD = gnu11;
				GCC_NO_COMMON_BLOCKS = YES;
				GCC_WARN_64_TO_32_BIT_CONVERSION = YES;
				GCC_WARN_ABOUT_RETURN_TYPE = YES_ERROR;
				GCC_WARN_UNDECLARED_SELECTOR = YES;
				GCC_WARN_UNINITIALIZED_AUTOS = YES_AGGRESSIVE;
				GCC_WARN_UNUSED_FUNCTION = YES;
				GCC_WARN_UNUSED_VARIABLE = YES;
				IPHONEOS_DEPLOYMENT_TARGET = 15.5;
				MTL_ENABLE_DEBUG_INFO = NO;
				MTL_FAST_MATH = YES;
				SDKROOT = iphoneos;
				SWIFT_COMPILATION_MODE = wholemodule;
				SWIFT_OPTIMIZATION_LEVEL = "-O";
				VALIDATE_PRODUCT = YES;
			};
			name = Release;
		};
		335568E628FC82F300BA79AA /* Debug */ = {
			isa = XCBuildConfiguration;
			baseConfigurationReference = 9EB1B2C7BF1A0BF6C8CEDC1E /* Pods-Fitness.debug.xcconfig */;
			buildSettings = {
				ASSETCATALOG_COMPILER_APPICON_NAME = AppIcon;
				ASSETCATALOG_COMPILER_GLOBAL_ACCENT_COLOR_NAME = AccentColor;
				CODE_SIGN_STYLE = Automatic;
				CURRENT_PROJECT_VERSION = 1;
				GENERATE_INFOPLIST_FILE = YES;
				INFOPLIST_FILE = Fitness/Info.plist;
				INFOPLIST_KEY_CFBundleDisplayName = Fitness;
				INFOPLIST_KEY_UIApplicationSupportsIndirectInputEvents = YES;
				INFOPLIST_KEY_UILaunchStoryboardName = LaunchScreen;
				INFOPLIST_KEY_UIMainStoryboardFile = Main;
				INFOPLIST_KEY_UISupportedInterfaceOrientations_iPad = "UIInterfaceOrientationPortrait UIInterfaceOrientationPortraitUpsideDown UIInterfaceOrientationLandscapeLeft UIInterfaceOrientationLandscapeRight";
				INFOPLIST_KEY_UISupportedInterfaceOrientations_iPhone = "UIInterfaceOrientationPortrait UIInterfaceOrientationLandscapeLeft UIInterfaceOrientationLandscapeRight";
				LD_RUNPATH_SEARCH_PATHS = (
					"$(inherited)",
					"@executable_path/Frameworks",
				);
				MARKETING_VERSION = 1.0;
				PRODUCT_BUNDLE_IDENTIFIER = csumb.Fitness;
				PRODUCT_NAME = "$(TARGET_NAME)";
				SWIFT_EMIT_LOC_STRINGS = YES;
				SWIFT_VERSION = 5.0;
				TARGETED_DEVICE_FAMILY = "1,2";
			};
			name = Debug;
		};
		335568E728FC82F300BA79AA /* Release */ = {
			isa = XCBuildConfiguration;
			baseConfigurationReference = CD18ADB7BC0A54BC0FB89070 /* Pods-Fitness.release.xcconfig */;
			buildSettings = {
				ASSETCATALOG_COMPILER_APPICON_NAME = AppIcon;
				ASSETCATALOG_COMPILER_GLOBAL_ACCENT_COLOR_NAME = AccentColor;
				CODE_SIGN_STYLE = Automatic;
				CURRENT_PROJECT_VERSION = 1;
				GENERATE_INFOPLIST_FILE = YES;
				INFOPLIST_FILE = Fitness/Info.plist;
				INFOPLIST_KEY_CFBundleDisplayName = Fitness;
				INFOPLIST_KEY_UIApplicationSupportsIndirectInputEvents = YES;
				INFOPLIST_KEY_UILaunchStoryboardName = LaunchScreen;
				INFOPLIST_KEY_UIMainStoryboardFile = Main;
				INFOPLIST_KEY_UISupportedInterfaceOrientations_iPad = "UIInterfaceOrientationPortrait UIInterfaceOrientationPortraitUpsideDown UIInterfaceOrientationLandscapeLeft UIInterfaceOrientationLandscapeRight";
				INFOPLIST_KEY_UISupportedInterfaceOrientations_iPhone = "UIInterfaceOrientationPortrait UIInterfaceOrientationLandscapeLeft UIInterfaceOrientationLandscapeRight";
				LD_RUNPATH_SEARCH_PATHS = (
					"$(inherited)",
					"@executable_path/Frameworks",
				);
				MARKETING_VERSION = 1.0;
				PRODUCT_BUNDLE_IDENTIFIER = csumb.Fitness;
				PRODUCT_NAME = "$(TARGET_NAME)";
				SWIFT_EMIT_LOC_STRINGS = YES;
				SWIFT_VERSION = 5.0;
				TARGETED_DEVICE_FAMILY = "1,2";
			};
			name = Release;
		};
/* End XCBuildConfiguration section */

/* Begin XCConfigurationList section */
		335568CC28FC82F200BA79AA /* Build configuration list for PBXProject "Fitness" */ = {
			isa = XCConfigurationList;
			buildConfigurations = (
				335568E328FC82F300BA79AA /* Debug */,
				335568E428FC82F300BA79AA /* Release */,
			);
			defaultConfigurationIsVisible = 0;
			defaultConfigurationName = Release;
		};
		335568E528FC82F300BA79AA /* Build configuration list for PBXNativeTarget "Fitness" */ = {
			isa = XCConfigurationList;
			buildConfigurations = (
				335568E628FC82F300BA79AA /* Debug */,
				335568E728FC82F300BA79AA /* Release */,
			);
			defaultConfigurationIsVisible = 0;
			defaultConfigurationName = Release;
		};
/* End XCConfigurationList section */
	};
	rootObject = 335568C928FC82F200BA79AA /* Project object */;
}
